
Microsoft Visual Studio Solution File, Format Version 12.00
# Visual Studio Version 16
VisualStudioVersion = 16.0.28803.352
MinimumVisualStudioVersion = 10.0.40219.1
Project("{FAE04EC0-301F-11D3-BF4B-00C04F79EFBC}") = "EmailValidator", "EmailValidator\EmailValidator.csproj", "{6D982111-B57D-4E11-83B6-B7BEFED2F9A3}"
EndProject
Global
	GlobalSection(SolutionConfigurationPlatforms) = preSolution
		Debug|Any CPU = Debug|Any CPU
		Release|Any CPU = Release|Any CPU
	EndGlobalSection
	GlobalSection(ProjectConfigurationPlatforms) = postSolution
		{6D982111-B57D-4E11-83B6-B7BEFED2F9A3}.Debug|Any CPU.ActiveCfg = Debug|Any CPU
		{6D982111-B57D-4E11-83B6-B7BEFED2F9A3}.Debug|Any CPU.Build.0 = Debug|Any CPU
		{6D982111-B57D-4E11-83B6-B7BEFED2F9A3}.Release|Any CPU.ActiveCfg = Release|Any CPU
		{6D982111-B57D-4E11-83B6-B7BEFED2F9A3}.Release|Any CPU.Build.0 = Release|Any CPU
	EndGlobalSection
	GlobalSection(SolutionProperties) = preSolution
		HideSolutionNode = FALSE
	EndGlobalSection
	GlobalSection(ExtensibilityGlobals) = postSolution
		SolutionGuid = {22612082-0341-4EFE-8496-1DE17539D6E4}
	EndGlobalSection
EndGlobal
